# This file is automatically @generated by Cargo.
# It is not intended for manual editing.
version = 3

[[package]]
name = "autocfg"
version = "1.1.0"
source = "registry+https://github.com/rust-lang/crates.io-index"
checksum = "d468802bab17cbc0cc575e9b053f41e72aa36bfa6b7f55e3529ffa43161b97fa"

[[package]]
name = "common"
version = "0.1.0"

[[package]]
name = "config"
version = "0.1.0"

[[package]]
name = "meta"
version = "0.1.0"

[[package]]
name = "pin-project-lite"
version = "0.2.9"
source = "registry+https://github.com/rust-lang/crates.io-index"
checksum = "e0a7ae3ac2f1173085d398531c705756c94a4c56843785df85a60c1a0afac116"

[[package]]
name = "protocol"
version = "0.1.0"

[[package]]
name = "restate"
version = "0.1.0"

[[package]]
name = "storage"
version = "0.1.0"

[[package]]
name = "tokio"
version = "1.23.0"
source = "registry+https://github.com/rust-lang/crates.io-index"
checksum = "eab6d665857cc6ca78d6e80303a02cea7a7851e85dfbd77cbdc09bd129f1ef46"
dependencies = [
 "autocfg",
 "pin-project-lite",
 "windows-sys",
]

[[package]]
name = "tracing"
version = "0.1.0"

[[package]]
name = "windows-sys"
version = "0.42.0"
source = "registry+https://github.com/rust-lang/crates.io-index"
checksum = "5a3e1820f08b8513f676f7ab6c1f99ff312fb97b553d30ff4dd86f9f15728aa7"
dependencies = [
 "windows_aarch64_gnullvm",
 "windows_aarch64_msvc",
 "windows_i686_gnu",
 "windows_i686_msvc",
 "windows_x86_64_gnu",
 "windows_x86_64_gnullvm",
 "windows_x86_64_msvc",
]

[[package]]
name = "windows_aarch64_gnullvm"
version = "0.42.0"
source = "registry+https://github.com/rust-lang/crates.io-index"
checksum = "41d2aa71f6f0cbe00ae5167d90ef3cfe66527d6f613ca78ac8024c3ccab9a19e"

[[package]]
name = "windows_aarch64_msvc"
version = "0.42.0"
source = "registry+https://github.com/rust-lang/crates.io-index"
checksum = "dd0f252f5a35cac83d6311b2e795981f5ee6e67eb1f9a7f64eb4500fbc4dcdb4"

[[package]]
name = "windows_i686_gnu"
version = "0.42.0"
source = "registry+https://github.com/rust-lang/crates.io-index"
checksum = "fbeae19f6716841636c28d695375df17562ca208b2b7d0dc47635a50ae6c5de7"

[[package]]
name = "windows_i686_msvc"
version = "0.42.0"
source = "registry+https://github.com/rust-lang/crates.io-index"
checksum = "84c12f65daa39dd2babe6e442988fc329d6243fdce47d7d2d155b8d874862246"

[[package]]
name = "windows_x86_64_gnu"
version = "0.42.0"
source = "registry+https://github.com/rust-lang/crates.io-index"
checksum = "bf7b1b21b5362cbc318f686150e5bcea75ecedc74dd157d874d754a2ca44b0ed"

[[package]]
name = "windows_x86_64_gnullvm"
version = "0.42.0"
source = "registry+https://github.com/rust-lang/crates.io-index"
checksum = "09d525d2ba30eeb3297665bd434a54297e4170c7f1a44cad4ef58095b4cd2028"

[[package]]
name = "windows_x86_64_msvc"
version = "0.42.0"
source = "registry+https://github.com/rust-lang/crates.io-index"
checksum = "f40009d85759725a34da6d89a94e63d7bdc50a862acf0dbc7c8e488f1edcb6f5"

[[package]]
name = "worker"
version = "0.1.0"
dependencies = [
 "tokio",
 "tracing",
]
